
Microsoft Visual Studio Solution File, Format Version 12.00
# Visual Studio Version 17
VisualStudioVersion = 17.10.35004.147
MinimumVisualStudioVersion = 10.0.40219.1
Project("{FAE04EC0-301F-11D3-BF4B-00C04F79EFBC}") = "LoginPageTutorial", "LoginPageTutorial\LoginPageTutorial.csproj", "{58797C68-F214-4851-A0A8-C4AAC15DC7D8}"
EndProject
Global
	GlobalSection(SolutionConfigurationPlatforms) = preSolution
		Debug|Any CPU = Debug|Any CPU
		Release|Any CPU = Release|Any CPU
	EndGlobalSection
	GlobalSection(ProjectConfigurationPlatforms) = postSolution
		{58797C68-F214-4851-A0A8-C4AAC15DC7D8}.Debug|Any CPU.ActiveCfg = Debug|Any CPU
		{58797C68-F214-4851-A0A8-C4AAC15DC7D8}.Debug|Any CPU.Build.0 = Debug|Any CPU
		{58797C68-F214-4851-A0A8-C4AAC15DC7D8}.Release|Any CPU.ActiveCfg = Release|Any CPU
		{58797C68-F214-4851-A0A8-C4AAC15DC7D8}.Release|Any CPU.Build.0 = Release|Any CPU
	EndGlobalSection
	GlobalSection(SolutionProperties) = preSolution
		HideSolutionNode = FALSE
	EndGlobalSection
	GlobalSection(ExtensibilityGlobals) = postSolution
		SolutionGuid = {21052CEC-F298-4774-A1EC-59C9A4AD0930}
	EndGlobalSection
EndGlobal
